<?xml version="1.0" encoding="utf-8"?>
<Project ToolsVersion="4.0" xmlns="http://schemas.microsoft.com/developer/msbuild/2003">
  <ItemGroup>
    <Filter Include="Source Files">
      <UniqueIdentifier>{4FC737F1-C7A5-4376-A066-2A32D752A2FF}</UniqueIdentifier>
      <Extensions>cpp;c;cc;cxx;c++;cppm;ixx;def;odl;idl;hpj;bat;asm;asmx</Extensions>
    </Filter>
    <Filter Include="Header Files">
      <UniqueIdentifier>{93995380-89BD-4b04-88EB-625FBE52EBFB}</UniqueIdentifier>
      <Extensions>h;hh;hpp;hxx;h++;hm;inl;inc;ipp;xsd</Extensions>
    </Filter>
    <Filter Include="Resource Files">
      <UniqueIdentifier>{67DA6AB6-F800-4c08-8B7A-83BB121AAD01}</UniqueIdentifier>
      <Extensions>rc;ico;cur;bmp;dlg;rc2;rct;bin;rgs;gif;jpg;jpeg;jpe;resx;tiff;tif;png;wav;mfcribbon-ms</Extensions>
    </Filter>
    <Filter Include="html">
      <UniqueIdentifier>{1b0f6c1f-a792-4d24-8356-88168cde60ae}</UniqueIdentifier>
    </Filter>
  </ItemGroup>
  <ItemGroup>
    <ClCompile Include="RegisterForm.cpp">
      <Filter>Source Files</Filter>
    </ClCompile>
    <ClCompile Include="Licenta_Chimie.cpp">
      <Filter>Source Files</Filter>
    </ClCompile>
    <ClCompile Include="LoginForm.cpp">
      <Filter>Source Files</Filter>
    </ClCompile>
    <ClCompile Include="StartForm.cpp">
      <Filter>Source Files</Filter>
    </ClCompile>
    <ClCompile Include="MainForm.cpp">
      <Filter>Source Files</Filter>
    </ClCompile>
    <ClCompile Include="TeorieMenuForm.cpp">
      <Filter>Source Files</Filter>
    </ClCompile>
    <ClCompile Include="PeriodicTableForm.cpp">
      <Filter>Source Files</Filter>
    </ClCompile>
    <ClCompile Include="TestMenu.cpp">
      <Filter>Source Files</Filter>
    </ClCompile>
    <ClCompile Include="Test1Form.cpp">
      <Filter>Source Files</Filter>
    </ClCompile>
    <ClCompile Include="Test2Form.cpp">
      <Filter>Source Files</Filter>
    </ClCompile>
    <ClCompile Include="CatalogForm.cpp">
      <Filter>Source Files</Filter>
    </ClCompile>
    <ClCompile Include="ReactionSolver.cpp">
      <Filter>Source Files</Filter>
    </ClCompile>
    <ClCompile Include="PDFReaderForm.cpp">
      <Filter>Source Files</Filter>
    </ClCompile>
    <ClCompile Include="ResurseSuplimentareMenu.cpp">
      <Filter>Source Files</Filter>
    </ClCompile>
    <ClCompile Include="MoleculeBuilderForm.cpp">
      <Filter>Source Files</Filter>
    </ClCompile>
    <ClCompile Include="ExercitiiMenuForm.cpp">
      <Filter>Source Files</Filter>
    </ClCompile>
    <ClCompile Include="JocForm.cpp">
      <Filter>Source Files</Filter>
    </ClCompile>
    <ClCompile Include="JocTeorieForm.cpp">
      <Filter>Source Files</Filter>
    </ClCompile>
    <ClCompile Include="Level1CeEsteChimia.cpp">
      <Filter>Source Files</Filter>
    </ClCompile>
    <ClCompile Include="Level1Joc2.cpp">
      <Filter>Header Files</Filter>
    </ClCompile>
    <ClCompile Include="Level2Joc.cpp">
      <Filter>Source Files</Filter>
    </ClCompile>
    <ClCompile Include="Level3Joc.cpp">
      <Filter>Source Files</Filter>
    </ClCompile>
    <ClCompile Include="ConcentratieMenuForm.cpp">
      <Filter>Source Files</Filter>
    </ClCompile>
    <ClCompile Include="ProblemaProcentualaForm.cpp">
      <Filter>Source Files</Filter>
    </ClCompile>
    <ClCompile Include="ProblemaConcentratieMolaraForm.cpp">
      <Filter>Header Files</Filter>
    </ClCompile>
    <ClCompile Include="ProblemaMasaSubstanteiForm.cpp">
      <Filter>Source Files</Filter>
    </ClCompile>
    <ClCompile Include="ProblemaMasaSolutieiForm.cpp">
      <Filter>Source Files</Filter>
    </ClCompile>
    <ClCompile Include="ProblemaVolumForm1.cpp">
      <Filter>Source Files</Filter>
    </ClCompile>
    <ClCompile Include="ExercitiuConcentratie1Form.cpp">
      <Filter>Source Files</Filter>
    </ClCompile>
    <ClCompile Include="JocStructuraAtomForm.cpp">
      <Filter>Source Files</Filter>
    </ClCompile>
    <ClCompile Include="DashboardForm.cpp">
      <Filter>Source Files</Filter>
    </ClCompile>
  </ItemGroup>
  <ItemGroup>
    <ClInclude Include="RegisterForm.h">
      <Filter>Header Files</Filter>
    </ClInclude>
    <ClInclude Include="Licenta_Chimie.h">
      <Filter>Header Files</Filter>
    </ClInclude>
    <ClInclude Include="LoginForm.h">
      <Filter>Header Files</Filter>
    </ClInclude>
    <ClInclude Include="StartForm.h">
      <Filter>Header Files</Filter>
    </ClInclude>
    <ClInclude Include="MainForm.h">
      <Filter>Header Files</Filter>
    </ClInclude>
    <ClInclude Include="TeorieMenuForm.h">
      <Filter>Header Files</Filter>
    </ClInclude>
    <ClInclude Include="PeriodicTableForm.h">
      <Filter>Header Files</Filter>
    </ClInclude>
    <ClInclude Include="TestMenu.h">
      <Filter>Header Files</Filter>
    </ClInclude>
    <ClInclude Include="Test1Form.h">
      <Filter>Header Files</Filter>
    </ClInclude>
    <ClInclude Include="Test2Form.h">
      <Filter>Header Files</Filter>
    </ClInclude>
    <ClInclude Include="CatalogForm.h">
      <Filter>Header Files</Filter>
    </ClInclude>
    <ClInclude Include="ReactionSolver.h">
      <Filter>Header Files</Filter>
    </ClInclude>
    <ClInclude Include="PDFReaderForm.h">
      <Filter>Header Files</Filter>
    </ClInclude>
    <ClInclude Include="ResurseSuplimentareMenu.h">
      <Filter>Header Files</Filter>
    </ClInclude>
    <ClInclude Include="MoleculeBuilderForm.h">
      <Filter>Header Files</Filter>
    </ClInclude>
    <ClInclude Include="ExercitiiMenuForm.h">
      <Filter>Header Files</Filter>
    </ClInclude>
    <ClInclude Include="JocForm.h">
      <Filter>Header Files</Filter>
    </ClInclude>
    <ClInclude Include="JocTeorieForm.h">
      <Filter>Header Files</Filter>
    </ClInclude>
    <ClInclude Include="Level1CeEsteChimia.h">
      <Filter>Header Files</Filter>
    </ClInclude>
    <ClInclude Include="Level1Joc2.h">
      <Filter>Header Files</Filter>
    </ClInclude>
    <ClInclude Include="Level2Joc.h">
      <Filter>Header Files</Filter>
    </ClInclude>
    <ClInclude Include="Level3Joc.h">
      <Filter>Header Files</Filter>
    </ClInclude>
    <ClInclude Include="ConcentratieMenuForm.h">
      <Filter>Header Files</Filter>
    </ClInclude>
    <ClInclude Include="ProblemaProcentualaForm.h">
      <Filter>Header Files</Filter>
    </ClInclude>
    <ClInclude Include="ProblemaConcentratieMolaraForm.h">
      <Filter>Header Files</Filter>
    </ClInclude>
    <ClInclude Include="ProblemaMasaSubstanteiForm.h">
      <Filter>Header Files</Filter>
    </ClInclude>
    <ClInclude Include="ProblemaMasaSolutieiForm.h">
      <Filter>Header Files</Filter>
    </ClInclude>
    <ClInclude Include="ProblemaVolumForm1.h">
      <Filter>Header Files</Filter>
    </ClInclude>
    <ClInclude Include="ExercitiuConcentratie1Form.h">
      <Filter>Header Files</Filter>
    </ClInclude>
    <ClInclude Include="JocStructuraAtomForm.h">
      <Filter>Header Files</Filter>
    </ClInclude>
    <ClInclude Include="DashboardForm.h">
      <Filter>Header Files</Filter>
    </ClInclude>
  </ItemGroup>
  <ItemGroup>
    <Text Include="elemente.txt" />
  </ItemGroup>
  <ItemGroup>
    <None Include="..\..\Licenta\Manual-Chimie-cl-7.pdf" />
    <None Include="editor.htm" />
    <None Include="3Dmol-min.js" />
    <None Include="packages.config" />
  </ItemGroup>
  <ItemGroup>
    <Image Include="balonWurtz.png">
      <Filter>Resource Files</Filter>
    </Image>
    <Image Include="eprubeta.png">
      <Filter>Resource Files</Filter>
    </Image>
    <Image Include="paharBerzelius.png">
      <Filter>Resource Files</Filter>
    </Image>
    <Image Include="paharCuFundPlat.png">
      <Filter>Resource Files</Filter>
    </Image>
    <Image Include="paharErlenmeyer.jpeg">
      <Filter>Resource Files</Filter>
    </Image>
    <Image Include="palnieDeFiltrare.jpeg">
      <Filter>Resource Files</Filter>
    </Image>
    <Image Include="sageata.png">
      <Filter>Resource Files</Filter>
    </Image>
    <Image Include="..\..\..\Downloads\fundalMainForm.png">
      <Filter>Resource Files</Filter>
    </Image>
  </ItemGroup>
  <ItemGroup>
    <EmbeddedResource Include="ProblemaProcentualaForm.resx">
      <Filter>Header Files</Filter>
    </EmbeddedResource>
  </ItemGroup>
</Project>